
Microsoft Visual Studio Solution File, Format Version 12.00
# Visual Studio Version 17
VisualStudioVersion = 17.10.34916.146
MinimumVisualStudioVersion = 10.0.40219.1
Project("{FAE04EC0-301F-11D3-BF4B-00C04F79EFBC}") = "MyDietAdmin", "MyDietAdmin\MyDietAdmin.csproj", "{B48A119C-036C-41D3-881C-1DEFB19859D3}"
EndProject
Global
	GlobalSection(SolutionConfigurationPlatforms) = preSolution
		Debug|Any CPU = Debug|Any CPU
		Release|Any CPU = Release|Any CPU
	EndGlobalSection
	GlobalSection(ProjectConfigurationPlatforms) = postSolution
		{B48A119C-036C-41D3-881C-1DEFB19859D3}.Debug|Any CPU.ActiveCfg = Debug|Any CPU
		{B48A119C-036C-41D3-881C-1DEFB19859D3}.Debug|Any CPU.Build.0 = Debug|Any CPU
		{B48A119C-036C-41D3-881C-1DEFB19859D3}.Release|Any CPU.ActiveCfg = Release|Any CPU
		{B48A119C-036C-41D3-881C-1DEFB19859D3}.Release|Any CPU.Build.0 = Release|Any CPU
	EndGlobalSection
	GlobalSection(SolutionProperties) = preSolution
		HideSolutionNode = FALSE
	EndGlobalSection
	GlobalSection(ExtensibilityGlobals) = postSolution
		SolutionGuid = {E6B8D17F-A325-4E41-84CA-66ADB26FD6BD}
	EndGlobalSection
EndGlobal
